
Microsoft Visual Studio Solution File, Format Version 12.00
Project("{FAE04EC0-301F-11D3-BF4B-00C04F79EFBC}") = "BmiApi", "BmiApi\BmiApi.csproj", "{B8EB9928-6F52-4921-BA77-4C1EFFC94972}"
EndProject
Global
	GlobalSection(SolutionConfigurationPlatforms) = preSolution
		Debug|Any CPU = Debug|Any CPU
		Release|Any CPU = Release|Any CPU
	EndGlobalSection
	GlobalSection(ProjectConfigurationPlatforms) = postSolution
		{B8EB9928-6F52-4921-BA77-4C1EFFC94972}.Debug|Any CPU.ActiveCfg = Debug|Any CPU
		{B8EB9928-6F52-4921-BA77-4C1EFFC94972}.Debug|Any CPU.Build.0 = Debug|Any CPU
		{B8EB9928-6F52-4921-BA77-4C1EFFC94972}.Release|Any CPU.ActiveCfg = Release|Any CPU
		{B8EB9928-6F52-4921-BA77-4C1EFFC94972}.Release|Any CPU.Build.0 = Release|Any CPU
	EndGlobalSection
EndGlobal
